// !$*UTF8*$!
{
	archiveVersion = 1;
	classes = {
	};
	objectVersion = 48;
	objects = {

/* Begin PBXBuildFile section */
		5A5F6D8E1FC46B0700751F00 /* ConversationCell.swift in Sources */ = {isa = PBXBuildFile; fileRef = 5A5F6D8D1FC46B0700751F00 /* ConversationCell.swift */; };
		5A5F6D901FC46C5E00751F00 /* ConversationViewController.swift in Sources */ = {isa = PBXBuildFile; fileRef = 5A5F6D8F1FC46C5E00751F00 /* ConversationViewController.swift */; };
		5A5F6D921FC47A8600751F00 /* ProfileViewController.swift in Sources */ = {isa = PBXBuildFile; fileRef = 5A5F6D911FC47A8600751F00 /* ProfileViewController.swift */; };
		5A5F6D951FC47B6900751F00 /* ProfileCell.swift in Sources */ = {isa = PBXBuildFile; fileRef = 5A5F6D931FC47B6800751F00 /* ProfileCell.swift */; };
		5A5F6D961FC47B6900751F00 /* ProfileCell.xib in Resources */ = {isa = PBXBuildFile; fileRef = 5A5F6D941FC47B6800751F00 /* ProfileCell.xib */; };
		5A659EA01FC2CF5A00DD9A46 /* AppDelegate.swift in Sources */ = {isa = PBXBuildFile; fileRef = 5A659E9F1FC2CF5A00DD9A46 /* AppDelegate.swift */; };
		5A659EA51FC2CF5A00DD9A46 /* Main.storyboard in Resources */ = {isa = PBXBuildFile; fileRef = 5A659EA31FC2CF5A00DD9A46 /* Main.storyboard */; };
		5A659EAA1FC2CF5A00DD9A46 /* LaunchScreen.storyboard in Resources */ = {isa = PBXBuildFile; fileRef = 5A659EA81FC2CF5A00DD9A46 /* LaunchScreen.storyboard */; };
		5A659EB21FC2D49300DD9A46 /* Assets.xcassets in Resources */ = {isa = PBXBuildFile; fileRef = 5A659EB11FC2D49300DD9A46 /* Assets.xcassets */; };
		5A659EB51FC2D56600DD9A46 /* LoginViewController.swift in Sources */ = {isa = PBXBuildFile; fileRef = 5A659EB41FC2D56600DD9A46 /* LoginViewController.swift */; };
		5A659EB81FC2E05600DD9A46 /* FindViewController.swift in Sources */ = {isa = PBXBuildFile; fileRef = 5A659EB71FC2E05600DD9A46 /* FindViewController.swift */; };
		5A659EBB1FC2E4F700DD9A46 /* Extensions.swift in Sources */ = {isa = PBXBuildFile; fileRef = 5A659EBA1FC2E4F700DD9A46 /* Extensions.swift */; };
		5A659EBD1FC2E51B00DD9A46 /* ScreenSize.swift in Sources */ = {isa = PBXBuildFile; fileRef = 5A659EBC1FC2E51B00DD9A46 /* ScreenSize.swift */; };
		5A659EBF1FC2E7A700DD9A46 /* StoryboardManager.swift in Sources */ = {isa = PBXBuildFile; fileRef = 5A659EBE1FC2E7A700DD9A46 /* StoryboardManager.swift */; };
		5A659EC31FC2EB2100DD9A46 /* CancelButton.swift in Sources */ = {isa = PBXBuildFile; fileRef = 5A659EC11FC2EB2100DD9A46 /* CancelButton.swift */; };
		5A659EC41FC2EB2100DD9A46 /* CancelButton.xib in Resources */ = {isa = PBXBuildFile; fileRef = 5A659EC21FC2EB2100DD9A46 /* CancelButton.xib */; };
		9C7D6EC36BED9FB851DEEAE0 /* Pods_HackathonBD_WeSpeak.framework in Frameworks */ = {isa = PBXBuildFile; fileRef = 6136F6ED3DEDA73BCB91204A /* Pods_HackathonBD_WeSpeak.framework */; };
/* End PBXBuildFile section */

/* Begin PBXFileReference section */
		5A5F6D8D1FC46B0700751F00 /* ConversationCell.swift */ = {isa = PBXFileReference; lastKnownFileType = sourcecode.swift; path = ConversationCell.swift; sourceTree = "<group>"; };
		5A5F6D8F1FC46C5E00751F00 /* ConversationViewController.swift */ = {isa = PBXFileReference; lastKnownFileType = sourcecode.swift; path = ConversationViewController.swift; sourceTree = "<group>"; };
		5A5F6D911FC47A8600751F00 /* ProfileViewController.swift */ = {isa = PBXFileReference; lastKnownFileType = sourcecode.swift; path = ProfileViewController.swift; sourceTree = "<group>"; };
		5A5F6D931FC47B6800751F00 /* ProfileCell.swift */ = {isa = PBXFileReference; fileEncoding = 4; lastKnownFileType = sourcecode.swift; path = ProfileCell.swift; sourceTree = "<group>"; };
		5A5F6D941FC47B6800751F00 /* ProfileCell.xib */ = {isa = PBXFileReference; fileEncoding = 4; lastKnownFileType = file.xib; path = ProfileCell.xib; sourceTree = "<group>"; };
		5A659E9C1FC2CF5A00DD9A46 /* HackathonBD-WeSpeak.app */ = {isa = PBXFileReference; explicitFileType = wrapper.application; includeInIndex = 0; path = "HackathonBD-WeSpeak.app"; sourceTree = BUILT_PRODUCTS_DIR; };
		5A659E9F1FC2CF5A00DD9A46 /* AppDelegate.swift */ = {isa = PBXFileReference; lastKnownFileType = sourcecode.swift; path = AppDelegate.swift; sourceTree = "<group>"; };
		5A659EA41FC2CF5A00DD9A46 /* Base */ = {isa = PBXFileReference; lastKnownFileType = file.storyboard; name = Base; path = Base.lproj/Main.storyboard; sourceTree = "<group>"; };
		5A659EA91FC2CF5A00DD9A46 /* Base */ = {isa = PBXFileReference; lastKnownFileType = file.storyboard; name = Base; path = Base.lproj/LaunchScreen.storyboard; sourceTree = "<group>"; };
		5A659EAB1FC2CF5A00DD9A46 /* Info.plist */ = {isa = PBXFileReference; lastKnownFileType = text.plist.xml; path = Info.plist; sourceTree = "<group>"; };
		5A659EB11FC2D49300DD9A46 /* Assets.xcassets */ = {isa = PBXFileReference; lastKnownFileType = folder.assetcatalog; path = Assets.xcassets; sourceTree = "<group>"; };
		5A659EB41FC2D56600DD9A46 /* LoginViewController.swift */ = {isa = PBXFileReference; lastKnownFileType = sourcecode.swift; path = LoginViewController.swift; sourceTree = "<group>"; };
		5A659EB71FC2E05600DD9A46 /* FindViewController.swift */ = {isa = PBXFileReference; lastKnownFileType = sourcecode.swift; path = FindViewController.swift; sourceTree = "<group>"; };
		5A659EBA1FC2E4F700DD9A46 /* Extensions.swift */ = {isa = PBXFileReference; lastKnownFileType = sourcecode.swift; path = Extensions.swift; sourceTree = "<group>"; };
		5A659EBC1FC2E51B00DD9A46 /* ScreenSize.swift */ = {isa = PBXFileReference; lastKnownFileType = sourcecode.swift; path = ScreenSize.swift; sourceTree = "<group>"; };
		5A659EBE1FC2E7A700DD9A46 /* StoryboardManager.swift */ = {isa = PBXFileReference; lastKnownFileType = sourcecode.swift; path = StoryboardManager.swift; sourceTree = "<group>"; };
		5A659EC11FC2EB2100DD9A46 /* CancelButton.swift */ = {isa = PBXFileReference; fileEncoding = 4; lastKnownFileType = sourcecode.swift; path = CancelButton.swift; sourceTree = "<group>"; };
		5A659EC21FC2EB2100DD9A46 /* CancelButton.xib */ = {isa = PBXFileReference; fileEncoding = 4; lastKnownFileType = file.xib; path = CancelButton.xib; sourceTree = "<group>"; };
		6136F6ED3DEDA73BCB91204A /* Pods_HackathonBD_WeSpeak.framework */ = {isa = PBXFileReference; explicitFileType = wrapper.framework; includeInIndex = 0; path = Pods_HackathonBD_WeSpeak.framework; sourceTree = BUILT_PRODUCTS_DIR; };
		6F0950BB45F37FE9F2DCDCFC /* Pods-HackathonBD-WeSpeak.release.xcconfig */ = {isa = PBXFileReference; includeInIndex = 1; lastKnownFileType = text.xcconfig; name = "Pods-HackathonBD-WeSpeak.release.xcconfig"; path = "Pods/Target Support Files/Pods-HackathonBD-WeSpeak/Pods-HackathonBD-WeSpeak.release.xcconfig"; sourceTree = "<group>"; };
		FA65D4C427F558FEA6143A2C /* Pods-HackathonBD-WeSpeak.debug.xcconfig */ = {isa = PBXFileReference; includeInIndex = 1; lastKnownFileType = text.xcconfig; name = "Pods-HackathonBD-WeSpeak.debug.xcconfig"; path = "Pods/Target Support Files/Pods-HackathonBD-WeSpeak/Pods-HackathonBD-WeSpeak.debug.xcconfig"; sourceTree = "<group>"; };
/* End PBXFileReference section */

/* Begin PBXFrameworksBuildPhase section */
		5A659E991FC2CF5A00DD9A46 /* Frameworks */ = {
			isa = PBXFrameworksBuildPhase;
			buildActionMask = 2147483647;
			files = (
				9C7D6EC36BED9FB851DEEAE0 /* Pods_HackathonBD_WeSpeak.framework in Frameworks */,
			);
			runOnlyForDeploymentPostprocessing = 0;
		};
/* End PBXFrameworksBuildPhase section */

/* Begin PBXGroup section */
		41DBA2D7E92AAA1D34DCD644 /* Pods */ = {
			isa = PBXGroup;
			children = (
				FA65D4C427F558FEA6143A2C /* Pods-HackathonBD-WeSpeak.debug.xcconfig */,
				6F0950BB45F37FE9F2DCDCFC /* Pods-HackathonBD-WeSpeak.release.xcconfig */,
			);
			name = Pods;
			sourceTree = "<group>";
		};
		5A659E931FC2CF5A00DD9A46 = {
			isa = PBXGroup;
			children = (
				5A659E9E1FC2CF5A00DD9A46 /* HackathonBD-WeSpeak */,
				5A659E9D1FC2CF5A00DD9A46 /* Products */,
				41DBA2D7E92AAA1D34DCD644 /* Pods */,
				6264F123E55FA221771DE6C1 /* Frameworks */,
			);
			sourceTree = "<group>";
		};
		5A659E9D1FC2CF5A00DD9A46 /* Products */ = {
			isa = PBXGroup;
			children = (
				5A659E9C1FC2CF5A00DD9A46 /* HackathonBD-WeSpeak.app */,
			);
			name = Products;
			sourceTree = "<group>";
		};
		5A659E9E1FC2CF5A00DD9A46 /* HackathonBD-WeSpeak */ = {
			isa = PBXGroup;
			children = (
				5A659EC01FC2EABD00DD9A46 /* Views */,
				5A659EB91FC2E4D400DD9A46 /* Utils */,
				5A659EB61FC2DEAD00DD9A46 /* Managers */,
				5A659EB31FC2D55600DD9A46 /* ViewControllers */,
				5A659EB11FC2D49300DD9A46 /* Assets.xcassets */,
				5A659E9F1FC2CF5A00DD9A46 /* AppDelegate.swift */,
				5A659EA31FC2CF5A00DD9A46 /* Main.storyboard */,
				5A659EA81FC2CF5A00DD9A46 /* LaunchScreen.storyboard */,
				5A659EAB1FC2CF5A00DD9A46 /* Info.plist */,
			);
			path = "HackathonBD-WeSpeak";
			sourceTree = "<group>";
		};
		5A659EB31FC2D55600DD9A46 /* ViewControllers */ = {
			isa = PBXGroup;
			children = (
				5A659EB41FC2D56600DD9A46 /* LoginViewController.swift */,
				5A659EB71FC2E05600DD9A46 /* FindViewController.swift */,
				5A5F6D8F1FC46C5E00751F00 /* ConversationViewController.swift */,
				5A5F6D911FC47A8600751F00 /* ProfileViewController.swift */,
			);
			path = ViewControllers;
			sourceTree = "<group>";
		};
		5A659EB61FC2DEAD00DD9A46 /* Managers */ = {
			isa = PBXGroup;
			children = (
			);
			path = Managers;
			sourceTree = "<group>";
		};
		5A659EB91FC2E4D400DD9A46 /* Utils */ = {
			isa = PBXGroup;
			children = (
				5A659EBA1FC2E4F700DD9A46 /* Extensions.swift */,
				5A659EBC1FC2E51B00DD9A46 /* ScreenSize.swift */,
				5A659EBE1FC2E7A700DD9A46 /* StoryboardManager.swift */,
			);
			path = Utils;
			sourceTree = "<group>";
		};
		5A659EC01FC2EABD00DD9A46 /* Views */ = {
			isa = PBXGroup;
			children = (
				5A5F6D931FC47B6800751F00 /* ProfileCell.swift */,
				5A5F6D941FC47B6800751F00 /* ProfileCell.xib */,
				5A659EC11FC2EB2100DD9A46 /* CancelButton.swift */,
				5A659EC21FC2EB2100DD9A46 /* CancelButton.xib */,
				5A5F6D8D1FC46B0700751F00 /* ConversationCell.swift */,
			);
			path = Views;
			sourceTree = "<group>";
		};
		6264F123E55FA221771DE6C1 /* Frameworks */ = {
			isa = PBXGroup;
			children = (
				6136F6ED3DEDA73BCB91204A /* Pods_HackathonBD_WeSpeak.framework */,
			);
			name = Frameworks;
			sourceTree = "<group>";
		};
/* End PBXGroup section */

/* Begin PBXNativeTarget section */
		5A659E9B1FC2CF5A00DD9A46 /* HackathonBD-WeSpeak */ = {
			isa = PBXNativeTarget;
			buildConfigurationList = 5A659EAE1FC2CF5A00DD9A46 /* Build configuration list for PBXNativeTarget "HackathonBD-WeSpeak" */;
			buildPhases = (
				60AA503BC497C68A40D74822 /* [CP] Check Pods Manifest.lock */,
				5A659E981FC2CF5A00DD9A46 /* Sources */,
				5A659E991FC2CF5A00DD9A46 /* Frameworks */,
				5A659E9A1FC2CF5A00DD9A46 /* Resources */,
				9EB3545295BC2063A0BBE99C /* [CP] Embed Pods Frameworks */,
				E87E6A37C24FFE698716E1F3 /* [CP] Copy Pods Resources */,
			);
			buildRules = (
			);
			dependencies = (
			);
			name = "HackathonBD-WeSpeak";
			productName = "HackathonBD-WeSpeak";
			productReference = 5A659E9C1FC2CF5A00DD9A46 /* HackathonBD-WeSpeak.app */;
			productType = "com.apple.product-type.application";
		};
/* End PBXNativeTarget section */

/* Begin PBXProject section */
		5A659E941FC2CF5A00DD9A46 /* Project object */ = {
			isa = PBXProject;
			attributes = {
				LastSwiftUpdateCheck = 0910;
				LastUpgradeCheck = 0910;
				ORGANIZATIONNAME = "Huy Ngo";
				TargetAttributes = {
					5A659E9B1FC2CF5A00DD9A46 = {
						CreatedOnToolsVersion = 9.1;
						ProvisioningStyle = Automatic;
					};
				};
			};
			buildConfigurationList = 5A659E971FC2CF5A00DD9A46 /* Build configuration list for PBXProject "HackathonBD-WeSpeak" */;
			compatibilityVersion = "Xcode 8.0";
			developmentRegion = en;
			hasScannedForEncodings = 0;
			knownRegions = (
				en,
				Base,
			);
			mainGroup = 5A659E931FC2CF5A00DD9A46;
			productRefGroup = 5A659E9D1FC2CF5A00DD9A46 /* Products */;
			projectDirPath = "";
			projectRoot = "";
			targets = (
				5A659E9B1FC2CF5A00DD9A46 /* HackathonBD-WeSpeak */,
			);
		};
/* End PBXProject section */

/* Begin PBXResourcesBuildPhase section */
		5A659E9A1FC2CF5A00DD9A46 /* Resources */ = {
			isa = PBXResourcesBuildPhase;
			buildActionMask = 2147483647;
			files = (
				5A659EAA1FC2CF5A00DD9A46 /* LaunchScreen.storyboard in Resources */,
				5A659EB21FC2D49300DD9A46 /* Assets.xcassets in Resources */,
				5A659EA51FC2CF5A00DD9A46 /* Main.storyboard in Resources */,
				5A659EC41FC2EB2100DD9A46 /* CancelButton.xib in Resources */,
				5A5F6D961FC47B6900751F00 /* ProfileCell.xib in Resources */,
			);
			runOnlyForDeploymentPostprocessing = 0;
		};
/* End PBXResourcesBuildPhase section */

/* Begin PBXShellScriptBuildPhase section */
		60AA503BC497C68A40D74822 /* [CP] Check Pods Manifest.lock */ = {
			isa = PBXShellScriptBuildPhase;
			buildActionMask = 2147483647;
			files = (
			);
			inputPaths = (
				"${PODS_PODFILE_DIR_PATH}/Podfile.lock",
				"${PODS_ROOT}/Manifest.lock",
			);
			name = "[CP] Check Pods Manifest.lock";
			outputPaths = (
				"$(DERIVED_FILE_DIR)/Pods-HackathonBD-WeSpeak-checkManifestLockResult.txt",
			);
			runOnlyForDeploymentPostprocessing = 0;
			shellPath = /bin/sh;
			shellScript = "diff \"${PODS_PODFILE_DIR_PATH}/Podfile.lock\" \"${PODS_ROOT}/Manifest.lock\" > /dev/null\nif [ $? != 0 ] ; then\n    # print error to STDERR\n    echo \"error: The sandbox is not in sync with the Podfile.lock. Run 'pod install' or update your CocoaPods installation.\" >&2\n    exit 1\nfi\n# This output is used by Xcode 'outputs' to avoid re-running this script phase.\necho \"SUCCESS\" > \"${SCRIPT_OUTPUT_FILE_0}\"\n";
			showEnvVarsInLog = 0;
		};
		9EB3545295BC2063A0BBE99C /* [CP] Embed Pods Frameworks */ = {
			isa = PBXShellScriptBuildPhase;
			buildActionMask = 2147483647;
			files = (
			);
			inputPaths = (
				"${SRCROOT}/Pods/Target Support Files/Pods-HackathonBD-WeSpeak/Pods-HackathonBD-WeSpeak-frameworks.sh",
				"${BUILT_PRODUCTS_DIR}/Alamofire/Alamofire.framework",
				"${BUILT_PRODUCTS_DIR}/AlamofireImage/AlamofireImage.framework",
				"${BUILT_PRODUCTS_DIR}/Cosmos/Cosmos.framework",
				"${BUILT_PRODUCTS_DIR}/FlagKit/FlagKit.framework",
				"${BUILT_PRODUCTS_DIR}/GoogleToolboxForMac/GoogleToolboxForMac.framework",
				"${BUILT_PRODUCTS_DIR}/MBProgressHUD/MBProgressHUD.framework",
				"${BUILT_PRODUCTS_DIR}/RPCircularProgress/RPCircularProgress.framework",
				"${BUILT_PRODUCTS_DIR}/leveldb-library/leveldb.framework",
				"${BUILT_PRODUCTS_DIR}/nanopb/nanopb.framework",
			);
			name = "[CP] Embed Pods Frameworks";
			outputPaths = (
				"${TARGET_BUILD_DIR}/${FRAMEWORKS_FOLDER_PATH}/Alamofire.framework",
				"${TARGET_BUILD_DIR}/${FRAMEWORKS_FOLDER_PATH}/AlamofireImage.framework",
				"${TARGET_BUILD_DIR}/${FRAMEWORKS_FOLDER_PATH}/Cosmos.framework",
				"${TARGET_BUILD_DIR}/${FRAMEWORKS_FOLDER_PATH}/FlagKit.framework",
				"${TARGET_BUILD_DIR}/${FRAMEWORKS_FOLDER_PATH}/GoogleToolboxForMac.framework",
				"${TARGET_BUILD_DIR}/${FRAMEWORKS_FOLDER_PATH}/MBProgressHUD.framework",
				"${TARGET_BUILD_DIR}/${FRAMEWORKS_FOLDER_PATH}/RPCircularProgress.framework",
				"${TARGET_BUILD_DIR}/${FRAMEWORKS_FOLDER_PATH}/leveldb.framework",
				"${TARGET_BUILD_DIR}/${FRAMEWORKS_FOLDER_PATH}/nanopb.framework",
			);
			runOnlyForDeploymentPostprocessing = 0;
			shellPath = /bin/sh;
			shellScript = "\"${SRCROOT}/Pods/Target Support Files/Pods-HackathonBD-WeSpeak/Pods-HackathonBD-WeSpeak-frameworks.sh\"\n";
			showEnvVarsInLog = 0;
		};
		E87E6A37C24FFE698716E1F3 /* [CP] Copy Pods Resources */ = {
			isa = PBXShellScriptBuildPhase;
			buildActionMask = 2147483647;
			files = (
			);
			inputPaths = (
			);
			name = "[CP] Copy Pods Resources";
			outputPaths = (
			);
			runOnlyForDeploymentPostprocessing = 0;
			shellPath = /bin/sh;
			shellScript = "\"${SRCROOT}/Pods/Target Support Files/Pods-HackathonBD-WeSpeak/Pods-HackathonBD-WeSpeak-resources.sh\"\n";
			showEnvVarsInLog = 0;
		};
/* End PBXShellScriptBuildPhase section */

/* Begin PBXSourcesBuildPhase section */
		5A659E981FC2CF5A00DD9A46 /* Sources */ = {
			isa = PBXSourcesBuildPhase;
			buildActionMask = 2147483647;
			files = (
				5A659EBD1FC2E51B00DD9A46 /* ScreenSize.swift in Sources */,
				5A659EC31FC2EB2100DD9A46 /* CancelButton.swift in Sources */,
				5A5F6D921FC47A8600751F00 /* ProfileViewController.swift in Sources */,
				5A5F6D951FC47B6900751F00 /* ProfileCell.swift in Sources */,
				5A5F6D901FC46C5E00751F00 /* ConversationViewController.swift in Sources */,
				5A659EB51FC2D56600DD9A46 /* LoginViewController.swift in Sources */,
				5A659EBF1FC2E7A700DD9A46 /* StoryboardManager.swift in Sources */,
				5A5F6D8E1FC46B0700751F00 /* ConversationCell.swift in Sources */,
				5A659EA01FC2CF5A00DD9A46 /* AppDelegate.swift in Sources */,
				5A659EB81FC2E05600DD9A46 /* FindViewController.swift in Sources */,
				5A659EBB1FC2E4F700DD9A46 /* Extensions.swift in Sources */,
			);
			runOnlyForDeploymentPostprocessing = 0;
		};
/* End PBXSourcesBuildPhase section */

/* Begin PBXVariantGroup section */
		5A659EA31FC2CF5A00DD9A46 /* Main.storyboard */ = {
			isa = PBXVariantGroup;
			children = (
				5A659EA41FC2CF5A00DD9A46 /* Base */,
			);
			name = Main.storyboard;
			sourceTree = "<group>";
		};
		5A659EA81FC2CF5A00DD9A46 /* LaunchScreen.storyboard */ = {
			isa = PBXVariantGroup;
			children = (
				5A659EA91FC2CF5A00DD9A46 /* Base */,
			);
			name = LaunchScreen.storyboard;
			sourceTree = "<group>";
		};
/* End PBXVariantGroup section */

/* Begin XCBuildConfiguration section */
		5A659EAC1FC2CF5A00DD9A46 /* Debug */ = {
			isa = XCBuildConfiguration;
			buildSettings = {
				ALWAYS_SEARCH_USER_PATHS = NO;
				CLANG_ANALYZER_NONNULL = YES;
				CLANG_ANALYZER_NUMBER_OBJECT_CONVERSION = YES_AGGRESSIVE;
				CLANG_CXX_LANGUAGE_STANDARD = "gnu++14";
				CLANG_CXX_LIBRARY = "libc++";
				CLANG_ENABLE_MODULES = YES;
				CLANG_ENABLE_OBJC_ARC = YES;
				CLANG_WARN_BLOCK_CAPTURE_AUTORELEASING = YES;
				CLANG_WARN_BOOL_CONVERSION = YES;
				CLANG_WARN_COMMA = YES;
				CLANG_WARN_CONSTANT_CONVERSION = YES;
				CLANG_WARN_DIRECT_OBJC_ISA_USAGE = YES_ERROR;
				CLANG_WARN_DOCUMENTATION_COMMENTS = YES;
				CLANG_WARN_EMPTY_BODY = YES;
				CLANG_WARN_ENUM_CONVERSION = YES;
				CLANG_WARN_INFINITE_RECURSION = YES;
				CLANG_WARN_INT_CONVERSION = YES;
				CLANG_WARN_NON_LITERAL_NULL_CONVERSION = YES;
				CLANG_WARN_OBJC_LITERAL_CONVERSION = YES;
				CLANG_WARN_OBJC_ROOT_CLASS = YES_ERROR;
				CLANG_WARN_RANGE_LOOP_ANALYSIS = YES;
				CLANG_WARN_STRICT_PROTOTYPES = YES;
				CLANG_WARN_SUSPICIOUS_MOVE = YES;
				CLANG_WARN_UNGUARDED_AVAILABILITY = YES_AGGRESSIVE;
				CLANG_WARN_UNREACHABLE_CODE = YES;
				CLANG_WARN__DUPLICATE_METHOD_MATCH = YES;
				CODE_SIGN_IDENTITY = "iPhone Developer";
				COPY_PHASE_STRIP = NO;
				DEBUG_INFORMATION_FORMAT = dwarf;
				ENABLE_STRICT_OBJC_MSGSEND = YES;
				ENABLE_TESTABILITY = YES;
				GCC_C_LANGUAGE_STANDARD = gnu11;
				GCC_DYNAMIC_NO_PIC = NO;
				GCC_NO_COMMON_BLOCKS = YES;
				GCC_OPTIMIZATION_LEVEL = 0;
				GCC_PREPROCESSOR_DEFINITIONS = (
					"DEBUG=1",
					"$(inherited)",
				);
				GCC_WARN_64_TO_32_BIT_CONVERSION = YES;
				GCC_WARN_ABOUT_RETURN_TYPE = YES_ERROR;
				GCC_WARN_UNDECLARED_SELECTOR = YES;
				GCC_WARN_UNINITIALIZED_AUTOS = YES_AGGRESSIVE;
				GCC_WARN_UNUSED_FUNCTION = YES;
				GCC_WARN_UNUSED_VARIABLE = YES;
				IPHONEOS_DEPLOYMENT_TARGET = 11.1;
				MTL_ENABLE_DEBUG_INFO = YES;
				ONLY_ACTIVE_ARCH = YES;
				SDKROOT = iphoneos;
				SWIFT_ACTIVE_COMPILATION_CONDITIONS = DEBUG;
				SWIFT_OPTIMIZATION_LEVEL = "-Onone";
			};
			name = Debug;
		};
		5A659EAD1FC2CF5A00DD9A46 /* Release */ = {
			isa = XCBuildConfiguration;
			buildSettings = {
				ALWAYS_SEARCH_USER_PATHS = NO;
				CLANG_ANALYZER_NONNULL = YES;
				CLANG_ANALYZER_NUMBER_OBJECT_CONVERSION = YES_AGGRESSIVE;
				CLANG_CXX_LANGUAGE_STANDARD = "gnu++14";
				CLANG_CXX_LIBRARY = "libc++";
				CLANG_ENABLE_MODULES = YES;
				CLANG_ENABLE_OBJC_ARC = YES;
				CLANG_WARN_BLOCK_CAPTURE_AUTORELEASING = YES;
				CLANG_WARN_BOOL_CONVERSION = YES;
				CLANG_WARN_COMMA = YES;
				CLANG_WARN_CONSTANT_CONVERSION = YES;
				CLANG_WARN_DIRECT_OBJC_ISA_USAGE = YES_ERROR;
				CLANG_WARN_DOCUMENTATION_COMMENTS = YES;
				CLANG_WARN_EMPTY_BODY = YES;
				CLANG_WARN_ENUM_CONVERSION = YES;
				CLANG_WARN_INFINITE_RECURSION = YES;
				CLANG_WARN_INT_CONVERSION = YES;
				CLANG_WARN_NON_LITERAL_NULL_CONVERSION = YES;
				CLANG_WARN_OBJC_LITERAL_CONVERSION = YES;
				CLANG_WARN_OBJC_ROOT_CLASS = YES_ERROR;
				CLANG_WARN_RANGE_LOOP_ANALYSIS = YES;
				CLANG_WARN_STRICT_PROTOTYPES = YES;
				CLANG_WARN_SUSPICIOUS_MOVE = YES;
				CLANG_WARN_UNGUARDED_AVAILABILITY = YES_AGGRESSIVE;
				CLANG_WARN_UNREACHABLE_CODE = YES;
				CLANG_WARN__DUPLICATE_METHOD_MATCH = YES;
				CODE_SIGN_IDENTITY = "iPhone Developer";
				COPY_PHASE_STRIP = NO;
				DEBUG_INFORMATION_FORMAT = "dwarf-with-dsym";
				ENABLE_NS_ASSERTIONS = NO;
				ENABLE_STRICT_OBJC_MSGSEND = YES;
				GCC_C_LANGUAGE_STANDARD = gnu11;
				GCC_NO_COMMON_BLOCKS = YES;
				GCC_WARN_64_TO_32_BIT_CONVERSION = YES;
				GCC_WARN_ABOUT_RETURN_TYPE = YES_ERROR;
				GCC_WARN_UNDECLARED_SELECTOR = YES;
				GCC_WARN_UNINITIALIZED_AUTOS = YES_AGGRESSIVE;
				GCC_WARN_UNUSED_FUNCTION = YES;
				GCC_WARN_UNUSED_VARIABLE = YES;
				IPHONEOS_DEPLOYMENT_TARGET = 11.1;
				MTL_ENABLE_DEBUG_INFO = NO;
				SDKROOT = iphoneos;
				SWIFT_OPTIMIZATION_LEVEL = "-Owholemodule";
				VALIDATE_PRODUCT = YES;
			};
			name = Release;
		};
		5A659EAF1FC2CF5A00DD9A46 /* Debug */ = {
			isa = XCBuildConfiguration;
			baseConfigurationReference = FA65D4C427F558FEA6143A2C /* Pods-HackathonBD-WeSpeak.debug.xcconfig */;
			buildSettings = {
				ASSETCATALOG_COMPILER_APPICON_NAME = AppIcon;
				CODE_SIGN_STYLE = Automatic;
				DEVELOPMENT_TEAM = 589Z4L567V;
				INFOPLIST_FILE = "HackathonBD-WeSpeak/Info.plist";
				IPHONEOS_DEPLOYMENT_TARGET = 10.0;
				LD_RUNPATH_SEARCH_PATHS = "$(inherited) @executable_path/Frameworks";
				PRODUCT_BUNDLE_IDENTIFIER = "huyngo.HackathonBD-WeSpeak";
				PRODUCT_NAME = "$(TARGET_NAME)";
				SWIFT_VERSION = 3.0;
				TARGETED_DEVICE_FAMILY = "1,2";
			};
			name = Debug;
		};
		5A659EB01FC2CF5A00DD9A46 /* Release */ = {
			isa = XCBuildConfiguration;
			baseConfigurationReference = 6F0950BB45F37FE9F2DCDCFC /* Pods-HackathonBD-WeSpeak.release.xcconfig */;
			buildSettings = {
				ASSETCATALOG_COMPILER_APPICON_NAME = AppIcon;
				CODE_SIGN_STYLE = Automatic;
				DEVELOPMENT_TEAM = 589Z4L567V;
				INFOPLIST_FILE = "HackathonBD-WeSpeak/Info.plist";
				IPHONEOS_DEPLOYMENT_TARGET = 10.0;
				LD_RUNPATH_SEARCH_PATHS = "$(inherited) @executable_path/Frameworks";
				PRODUCT_BUNDLE_IDENTIFIER = "huyngo.HackathonBD-WeSpeak";
				PRODUCT_NAME = "$(TARGET_NAME)";
				SWIFT_VERSION = 3.0;
				TARGETED_DEVICE_FAMILY = "1,2";
			};
			name = Release;
		};
/* End XCBuildConfiguration section */

/* Begin XCConfigurationList section */
		5A659E971FC2CF5A00DD9A46 /* Build configuration list for PBXProject "HackathonBD-WeSpeak" */ = {
			isa = XCConfigurationList;
			buildConfigurations = (
				5A659EAC1FC2CF5A00DD9A46 /* Debug */,
				5A659EAD1FC2CF5A00DD9A46 /* Release */,
			);
			defaultConfigurationIsVisible = 0;
			defaultConfigurationName = Release;
		};
		5A659EAE1FC2CF5A00DD9A46 /* Build configuration list for PBXNativeTarget "HackathonBD-WeSpeak" */ = {
			isa = XCConfigurationList;
			buildConfigurations = (
				5A659EAF1FC2CF5A00DD9A46 /* Debug */,
				5A659EB01FC2CF5A00DD9A46 /* Release */,
			);
			defaultConfigurationIsVisible = 0;
			defaultConfigurationName = Release;
		};
/* End XCConfigurationList section */
	};
	rootObject = 5A659E941FC2CF5A00DD9A46 /* Project object */;
}
